
Microsoft Visual Studio Solution File, Format Version 12.00
# Visual Studio Version 17
VisualStudioVersion = 17.4.33213.308
MinimumVisualStudioVersion = 10.0.40219.1
Project("{9A19103F-16F7-4668-BE54-9A1E7A4F7556}") = "Mc2.CrudTest.AcceptanceTests", "Mc2.CrudTest.AcceptanceTests\Mc2.CrudTest.AcceptanceTests.csproj", "{6776DF76-1054-486C-A79A-57100C47032F}"
EndProject
Project("{2150E333-8FDC-42A3-9474-1A3956D46DE8}") = "Doc", "Doc", "{48EE743E-CA46-4092-BA1F-8A3E1EAD660E}"
EndProject
Project("{2150E333-8FDC-42A3-9474-1A3956D46DE8}") = "Src", "Src", "{FA2D99A6-1929-4797-AA3C-CA427EA07223}"
EndProject
Project("{2150E333-8FDC-42A3-9474-1A3956D46DE8}") = "Test", "Test", "{5484A4F5-3B40-47BF-A9E2-1A8319640E4D}"
EndProject
Project("{2150E333-8FDC-42A3-9474-1A3956D46DE8}") = "Core", "Core", "{E55C4E10-D9DD-46EA-8041-4524D939F7B9}"
EndProject
Project("{2150E333-8FDC-42A3-9474-1A3956D46DE8}") = "Infrastructure", "Infrastructure", "{9237038D-7D03-4181-AF6F-E2E39C6E6AF1}"
EndProject
Project("{2150E333-8FDC-42A3-9474-1A3956D46DE8}") = "Presentation", "Presentation", "{1D9A0A4B-C573-440A-9A9C-5344AFEAE7B6}"
EndProject
Project("{FAE04EC0-301F-11D3-BF4B-00C04F79EFBC}") = "Mc2.CrudTest.Domain", "Mc2.CrudTest.Domain\Mc2.CrudTest.Domain.csproj", "{746563DF-2444-493F-9F0B-0B2A79154D0A}"
EndProject
Project("{FAE04EC0-301F-11D3-BF4B-00C04F79EFBC}") = "Mc2.CrudTest.Application", "Mc2.CrudTest.Application\Mc2.CrudTest.Application.csproj", "{C9EA07A4-0B6A-4295-AE4F-CFB11AB10166}"
EndProject
Project("{FAE04EC0-301F-11D3-BF4B-00C04F79EFBC}") = "Mc2.CrudTest.Infrastructure", "Mc2.CrudTest.Infrastructure\Mc2.CrudTest.Infrastructure.csproj", "{B46031E7-09D4-4093-824F-E7BAF6C03AD8}"
EndProject
Project("{FAE04EC0-301F-11D3-BF4B-00C04F79EFBC}") = "Mc2.CrudTest.Persistence", "Mc2.CrudTest.Persistence\Mc2.CrudTest.Persistence.csproj", "{6C484FC9-59AA-4C61-81A3-533F0C68F3C9}"
EndProject
Project("{FAE04EC0-301F-11D3-BF4B-00C04F79EFBC}") = "Mc2.CrudTest.Presentation.API", "Mc2.CrudTest.Presentation.API\Mc2.CrudTest.Presentation.API.csproj", "{14C010CB-634E-46D6-B657-167106858DF0}"
EndProject
Project("{FAE04EC0-301F-11D3-BF4B-00C04F79EFBC}") = "Mc2.CrudTest.ATDD", "Mc2.CrudTest.ATDD\Mc2.CrudTest.ATDD.csproj", "{DDE7654E-A114-48B7-8406-778E5F5A4E1B}"
EndProject
Global
	GlobalSection(SolutionConfigurationPlatforms) = preSolution
		Debug|Any CPU = Debug|Any CPU
		Release|Any CPU = Release|Any CPU
	EndGlobalSection
	GlobalSection(ProjectConfigurationPlatforms) = postSolution
		{6776DF76-1054-486C-A79A-57100C47032F}.Debug|Any CPU.ActiveCfg = Debug|Any CPU
		{6776DF76-1054-486C-A79A-57100C47032F}.Debug|Any CPU.Build.0 = Debug|Any CPU
		{6776DF76-1054-486C-A79A-57100C47032F}.Release|Any CPU.ActiveCfg = Release|Any CPU
		{6776DF76-1054-486C-A79A-57100C47032F}.Release|Any CPU.Build.0 = Release|Any CPU
		{746563DF-2444-493F-9F0B-0B2A79154D0A}.Debug|Any CPU.ActiveCfg = Debug|Any CPU
		{746563DF-2444-493F-9F0B-0B2A79154D0A}.Debug|Any CPU.Build.0 = Debug|Any CPU
		{746563DF-2444-493F-9F0B-0B2A79154D0A}.Release|Any CPU.ActiveCfg = Release|Any CPU
		{746563DF-2444-493F-9F0B-0B2A79154D0A}.Release|Any CPU.Build.0 = Release|Any CPU
		{C9EA07A4-0B6A-4295-AE4F-CFB11AB10166}.Debug|Any CPU.ActiveCfg = Debug|Any CPU
		{C9EA07A4-0B6A-4295-AE4F-CFB11AB10166}.Debug|Any CPU.Build.0 = Debug|Any CPU
		{C9EA07A4-0B6A-4295-AE4F-CFB11AB10166}.Release|Any CPU.ActiveCfg = Release|Any CPU
		{C9EA07A4-0B6A-4295-AE4F-CFB11AB10166}.Release|Any CPU.Build.0 = Release|Any CPU
		{B46031E7-09D4-4093-824F-E7BAF6C03AD8}.Debug|Any CPU.ActiveCfg = Debug|Any CPU
		{B46031E7-09D4-4093-824F-E7BAF6C03AD8}.Debug|Any CPU.Build.0 = Debug|Any CPU
		{B46031E7-09D4-4093-824F-E7BAF6C03AD8}.Release|Any CPU.ActiveCfg = Release|Any CPU
		{B46031E7-09D4-4093-824F-E7BAF6C03AD8}.Release|Any CPU.Build.0 = Release|Any CPU
		{6C484FC9-59AA-4C61-81A3-533F0C68F3C9}.Debug|Any CPU.ActiveCfg = Debug|Any CPU
		{6C484FC9-59AA-4C61-81A3-533F0C68F3C9}.Debug|Any CPU.Build.0 = Debug|Any CPU
		{6C484FC9-59AA-4C61-81A3-533F0C68F3C9}.Release|Any CPU.ActiveCfg = Release|Any CPU
		{6C484FC9-59AA-4C61-81A3-533F0C68F3C9}.Release|Any CPU.Build.0 = Release|Any CPU
		{14C010CB-634E-46D6-B657-167106858DF0}.Debug|Any CPU.ActiveCfg = Debug|Any CPU
		{14C010CB-634E-46D6-B657-167106858DF0}.Debug|Any CPU.Build.0 = Debug|Any CPU
		{14C010CB-634E-46D6-B657-167106858DF0}.Release|Any CPU.ActiveCfg = Release|Any CPU
		{14C010CB-634E-46D6-B657-167106858DF0}.Release|Any CPU.Build.0 = Release|Any CPU
		{DDE7654E-A114-48B7-8406-778E5F5A4E1B}.Debug|Any CPU.ActiveCfg = Debug|Any CPU
		{DDE7654E-A114-48B7-8406-778E5F5A4E1B}.Debug|Any CPU.Build.0 = Debug|Any CPU
		{DDE7654E-A114-48B7-8406-778E5F5A4E1B}.Release|Any CPU.ActiveCfg = Release|Any CPU
		{DDE7654E-A114-48B7-8406-778E5F5A4E1B}.Release|Any CPU.Build.0 = Release|Any CPU
	EndGlobalSection
	GlobalSection(SolutionProperties) = preSolution
		HideSolutionNode = FALSE
	EndGlobalSection
	GlobalSection(NestedProjects) = preSolution
		{6776DF76-1054-486C-A79A-57100C47032F} = {5484A4F5-3B40-47BF-A9E2-1A8319640E4D}
		{E55C4E10-D9DD-46EA-8041-4524D939F7B9} = {FA2D99A6-1929-4797-AA3C-CA427EA07223}
		{9237038D-7D03-4181-AF6F-E2E39C6E6AF1} = {FA2D99A6-1929-4797-AA3C-CA427EA07223}
		{1D9A0A4B-C573-440A-9A9C-5344AFEAE7B6} = {FA2D99A6-1929-4797-AA3C-CA427EA07223}
		{746563DF-2444-493F-9F0B-0B2A79154D0A} = {E55C4E10-D9DD-46EA-8041-4524D939F7B9}
		{C9EA07A4-0B6A-4295-AE4F-CFB11AB10166} = {E55C4E10-D9DD-46EA-8041-4524D939F7B9}
		{B46031E7-09D4-4093-824F-E7BAF6C03AD8} = {9237038D-7D03-4181-AF6F-E2E39C6E6AF1}
		{6C484FC9-59AA-4C61-81A3-533F0C68F3C9} = {9237038D-7D03-4181-AF6F-E2E39C6E6AF1}
		{14C010CB-634E-46D6-B657-167106858DF0} = {1D9A0A4B-C573-440A-9A9C-5344AFEAE7B6}
		{DDE7654E-A114-48B7-8406-778E5F5A4E1B} = {5484A4F5-3B40-47BF-A9E2-1A8319640E4D}
	EndGlobalSection
	GlobalSection(ExtensibilityGlobals) = postSolution
		SolutionGuid = {4B5A26C9-68C1-49D9-9F32-AF907A1730C2}
	EndGlobalSection
EndGlobal
